
Microsoft Visual Studio Solution File, Format Version 12.00
# Visual Studio Version 16
VisualStudioVersion = 16.0.29009.5
MinimumVisualStudioVersion = 10.0.40219.1
Project("{FAE04EC0-301F-11D3-BF4B-00C04F79EFBC}") = "App1", "App1.csproj", "{DDD8881E-B4C8-4BE6-8C08-F5FA77B9F43A}"
EndProject
Global
	GlobalSection(SolutionConfigurationPlatforms) = preSolution
		Debug|ARM = Debug|ARM
		Debug|ARM64 = Debug|ARM64
		Debug|x64 = Debug|x64
		Debug|x86 = Debug|x86
		Release|ARM = Release|ARM
		Release|ARM64 = Release|ARM64
		Release|x64 = Release|x64
		Release|x86 = Release|x86
	EndGlobalSection
	GlobalSection(ProjectConfigurationPlatforms) = postSolution
		{DDD8881E-B4C8-4BE6-8C08-F5FA77B9F43A}.Debug|ARM.ActiveCfg = Debug|ARM
		{DDD8881E-B4C8-4BE6-8C08-F5FA77B9F43A}.Debug|ARM.Build.0 = Debug|ARM
		{DDD8881E-B4C8-4BE6-8C08-F5FA77B9F43A}.Debug|ARM.Deploy.0 = Debug|ARM
		{DDD8881E-B4C8-4BE6-8C08-F5FA77B9F43A}.Debug|ARM64.ActiveCfg = Debug|ARM64
		{DDD8881E-B4C8-4BE6-8C08-F5FA77B9F43A}.Debug|ARM64.Build.0 = Debug|ARM64
		{DDD8881E-B4C8-4BE6-8C08-F5FA77B9F43A}.Debug|ARM64.Deploy.0 = Debug|ARM64
		{DDD8881E-B4C8-4BE6-8C08-F5FA77B9F43A}.Debug|x64.ActiveCfg = Debug|x64
		{DDD8881E-B4C8-4BE6-8C08-F5FA77B9F43A}.Debug|x64.Build.0 = Debug|x64
		{DDD8881E-B4C8-4BE6-8C08-F5FA77B9F43A}.Debug|x64.Deploy.0 = Debug|x64
		{DDD8881E-B4C8-4BE6-8C08-F5FA77B9F43A}.Debug|x86.ActiveCfg = Debug|x86
		{DDD8881E-B4C8-4BE6-8C08-F5FA77B9F43A}.Debug|x86.Build.0 = Debug|x86
		{DDD8881E-B4C8-4BE6-8C08-F5FA77B9F43A}.Debug|x86.Deploy.0 = Debug|x86
		{DDD8881E-B4C8-4BE6-8C08-F5FA77B9F43A}.Release|ARM.ActiveCfg = Release|ARM
		{DDD8881E-B4C8-4BE6-8C08-F5FA77B9F43A}.Release|ARM.Build.0 = Release|ARM
		{DDD8881E-B4C8-4BE6-8C08-F5FA77B9F43A}.Release|ARM.Deploy.0 = Release|ARM
		{DDD8881E-B4C8-4BE6-8C08-F5FA77B9F43A}.Release|ARM64.ActiveCfg = Release|ARM64
		{DDD8881E-B4C8-4BE6-8C08-F5FA77B9F43A}.Release|ARM64.Build.0 = Release|ARM64
		{DDD8881E-B4C8-4BE6-8C08-F5FA77B9F43A}.Release|ARM64.Deploy.0 = Release|ARM64
		{DDD8881E-B4C8-4BE6-8C08-F5FA77B9F43A}.Release|x64.ActiveCfg = Release|x64
		{DDD8881E-B4C8-4BE6-8C08-F5FA77B9F43A}.Release|x64.Build.0 = Release|x64
		{DDD8881E-B4C8-4BE6-8C08-F5FA77B9F43A}.Release|x64.Deploy.0 = Release|x64
		{DDD8881E-B4C8-4BE6-8C08-F5FA77B9F43A}.Release|x86.ActiveCfg = Release|x86
		{DDD8881E-B4C8-4BE6-8C08-F5FA77B9F43A}.Release|x86.Build.0 = Release|x86
		{DDD8881E-B4C8-4BE6-8C08-F5FA77B9F43A}.Release|x86.Deploy.0 = Release|x86
	EndGlobalSection
	GlobalSection(SolutionProperties) = preSolution
		HideSolutionNode = FALSE
	EndGlobalSection
	GlobalSection(ExtensibilityGlobals) = postSolution
		SolutionGuid = {92C17246-74CB-46D4-BEC8-A661A1F6895E}
	EndGlobalSection
EndGlobal
