
Microsoft Visual Studio Solution File, Format Version 12.00
# Visual Studio 15
VisualStudioVersion = 15.0.28307.329
MinimumVisualStudioVersion = 10.0.40219.1
Project("{FAE04EC0-301F-11D3-BF4B-00C04F79EFBC}") = "NorthwindWeb", "NorthwindWeb\NorthwindWeb.csproj", "{B2FC33E5-21DB-429A-B660-6C1635337C60}"
EndProject
Project("{FAE04EC0-301F-11D3-BF4B-00C04F79EFBC}") = "NorthwindEntitiesLib", "NorthwindEntitiesLib\NorthwindEntitiesLib.csproj", "{1C733E31-AD70-4D6D-8CC2-30A5CFF65CA8}"
EndProject
Global
	GlobalSection(SolutionConfigurationPlatforms) = preSolution
		Debug|Any CPU = Debug|Any CPU
		Release|Any CPU = Release|Any CPU
	EndGlobalSection
	GlobalSection(ProjectConfigurationPlatforms) = postSolution
		{B2FC33E5-21DB-429A-B660-6C1635337C60}.Debug|Any CPU.ActiveCfg = Debug|Any CPU
		{B2FC33E5-21DB-429A-B660-6C1635337C60}.Debug|Any CPU.Build.0 = Debug|Any CPU
		{B2FC33E5-21DB-429A-B660-6C1635337C60}.Release|Any CPU.ActiveCfg = Release|Any CPU
		{B2FC33E5-21DB-429A-B660-6C1635337C60}.Release|Any CPU.Build.0 = Release|Any CPU
		{1C733E31-AD70-4D6D-8CC2-30A5CFF65CA8}.Debug|Any CPU.ActiveCfg = Debug|Any CPU
		{1C733E31-AD70-4D6D-8CC2-30A5CFF65CA8}.Debug|Any CPU.Build.0 = Debug|Any CPU
		{1C733E31-AD70-4D6D-8CC2-30A5CFF65CA8}.Release|Any CPU.ActiveCfg = Release|Any CPU
		{1C733E31-AD70-4D6D-8CC2-30A5CFF65CA8}.Release|Any CPU.Build.0 = Release|Any CPU
	EndGlobalSection
	GlobalSection(SolutionProperties) = preSolution
		HideSolutionNode = FALSE
	EndGlobalSection
	GlobalSection(ExtensibilityGlobals) = postSolution
		SolutionGuid = {D2A4094A-0795-4F08-B976-BA1221F8FE47}
	EndGlobalSection
EndGlobal
