
Microsoft Visual Studio Solution File, Format Version 12.00
# Visual Studio 15
VisualStudioVersion = 15.0.28010.2036
MinimumVisualStudioVersion = 10.0.40219.1
Project("{FAE04EC0-301F-11D3-BF4B-00C04F79EFBC}") = "BooksConsole", "BooksConsole\BooksConsole.csproj", "{5F094CDA-7698-4BB2-8BE5-5DB9DBCA57FC}"
EndProject
Global
	GlobalSection(SolutionConfigurationPlatforms) = preSolution
		Debug|Any CPU = Debug|Any CPU
		Release|Any CPU = Release|Any CPU
	EndGlobalSection
	GlobalSection(ProjectConfigurationPlatforms) = postSolution
		{5F094CDA-7698-4BB2-8BE5-5DB9DBCA57FC}.Debug|Any CPU.ActiveCfg = Debug|Any CPU
		{5F094CDA-7698-4BB2-8BE5-5DB9DBCA57FC}.Debug|Any CPU.Build.0 = Debug|Any CPU
		{5F094CDA-7698-4BB2-8BE5-5DB9DBCA57FC}.Release|Any CPU.ActiveCfg = Release|Any CPU
		{5F094CDA-7698-4BB2-8BE5-5DB9DBCA57FC}.Release|Any CPU.Build.0 = Release|Any CPU
	EndGlobalSection
	GlobalSection(SolutionProperties) = preSolution
		HideSolutionNode = FALSE
	EndGlobalSection
	GlobalSection(ExtensibilityGlobals) = postSolution
		SolutionGuid = {EE9E601C-38C7-453B-AC8F-E9D059C292AC}
	EndGlobalSection
EndGlobal
