
Microsoft Visual Studio Solution File, Format Version 12.00
# Visual Studio Version 16
VisualStudioVersion = 16.0.29519.87
MinimumVisualStudioVersion = 10.0.40219.1
Project("{F2A71F9B-5D33-465A-A702-920D77279786}") = "ex01", "ex01\ex01.fsproj", "{DC8D9F5F-57F4-4D5F-996A-00A3ECA4ABD9}"
EndProject
Global
	GlobalSection(SolutionConfigurationPlatforms) = preSolution
		Debug|Any CPU = Debug|Any CPU
		Release|Any CPU = Release|Any CPU
	EndGlobalSection
	GlobalSection(ProjectConfigurationPlatforms) = postSolution
		{DC8D9F5F-57F4-4D5F-996A-00A3ECA4ABD9}.Debug|Any CPU.ActiveCfg = Debug|Any CPU
		{DC8D9F5F-57F4-4D5F-996A-00A3ECA4ABD9}.Debug|Any CPU.Build.0 = Debug|Any CPU
		{DC8D9F5F-57F4-4D5F-996A-00A3ECA4ABD9}.Release|Any CPU.ActiveCfg = Release|Any CPU
		{DC8D9F5F-57F4-4D5F-996A-00A3ECA4ABD9}.Release|Any CPU.Build.0 = Release|Any CPU
	EndGlobalSection
	GlobalSection(SolutionProperties) = preSolution
		HideSolutionNode = FALSE
	EndGlobalSection
	GlobalSection(ExtensibilityGlobals) = postSolution
		SolutionGuid = {C992E564-6876-43D9-9595-9745CC37BD14}
	EndGlobalSection
EndGlobal
