
Microsoft Visual Studio Solution File, Format Version 12.00
# Visual Studio Version 16
VisualStudioVersion = 16.0.29009.5
MinimumVisualStudioVersion = 10.0.40219.1
Project("{9A19103F-16F7-4668-BE54-9A1E7A4F7556}") = "ex_compress_gzip", "ex_compress_gzip\ex_compress_gzip.csproj", "{9C4662E2-DE33-4BC7-A59D-D09E3E69FAB4}"
EndProject
Project("{FAE04EC0-301F-11D3-BF4B-00C04F79EFBC}") = "CompressTests", "CompressTests\CompressTests.csproj", "{639566AA-7E06-412A-82FD-F694D6D01F80}"
EndProject
Global
	GlobalSection(SolutionConfigurationPlatforms) = preSolution
		Debug|Any CPU = Debug|Any CPU
		Release|Any CPU = Release|Any CPU
	EndGlobalSection
	GlobalSection(ProjectConfigurationPlatforms) = postSolution
		{9C4662E2-DE33-4BC7-A59D-D09E3E69FAB4}.Debug|Any CPU.ActiveCfg = Debug|Any CPU
		{9C4662E2-DE33-4BC7-A59D-D09E3E69FAB4}.Debug|Any CPU.Build.0 = Debug|Any CPU
		{9C4662E2-DE33-4BC7-A59D-D09E3E69FAB4}.Release|Any CPU.ActiveCfg = Release|Any CPU
		{9C4662E2-DE33-4BC7-A59D-D09E3E69FAB4}.Release|Any CPU.Build.0 = Release|Any CPU
		{639566AA-7E06-412A-82FD-F694D6D01F80}.Debug|Any CPU.ActiveCfg = Debug|Any CPU
		{639566AA-7E06-412A-82FD-F694D6D01F80}.Debug|Any CPU.Build.0 = Debug|Any CPU
		{639566AA-7E06-412A-82FD-F694D6D01F80}.Release|Any CPU.ActiveCfg = Release|Any CPU
		{639566AA-7E06-412A-82FD-F694D6D01F80}.Release|Any CPU.Build.0 = Release|Any CPU
	EndGlobalSection
	GlobalSection(SolutionProperties) = preSolution
		HideSolutionNode = FALSE
	EndGlobalSection
	GlobalSection(ExtensibilityGlobals) = postSolution
		SolutionGuid = {9916A42A-FB48-4587-B034-2EC3843FD204}
	EndGlobalSection
EndGlobal
