
Microsoft Visual Studio Solution File, Format Version 12.00
# Visual Studio Version 16
VisualStudioVersion = 16.0.29009.5
MinimumVisualStudioVersion = 10.0.40219.1
Project("{9A19103F-16F7-4668-BE54-9A1E7A4F7556}") = "KeypadProject", "ConsoleApp1\KeypadProject.csproj", "{4D8853E6-C0DE-4355-9302-B1167F6E8E70}"
EndProject
Project("{9A19103F-16F7-4668-BE54-9A1E7A4F7556}") = "UnitTests", "UnitTests\UnitTests.csproj", "{ACE5C548-C9C7-45EF-8F15-2099ACDD4FC5}"
EndProject
Global
	GlobalSection(SolutionConfigurationPlatforms) = preSolution
		Debug|Any CPU = Debug|Any CPU
		Release|Any CPU = Release|Any CPU
	EndGlobalSection
	GlobalSection(ProjectConfigurationPlatforms) = postSolution
		{4D8853E6-C0DE-4355-9302-B1167F6E8E70}.Debug|Any CPU.ActiveCfg = Debug|Any CPU
		{4D8853E6-C0DE-4355-9302-B1167F6E8E70}.Debug|Any CPU.Build.0 = Debug|Any CPU
		{4D8853E6-C0DE-4355-9302-B1167F6E8E70}.Release|Any CPU.ActiveCfg = Release|Any CPU
		{4D8853E6-C0DE-4355-9302-B1167F6E8E70}.Release|Any CPU.Build.0 = Release|Any CPU
		{ACE5C548-C9C7-45EF-8F15-2099ACDD4FC5}.Debug|Any CPU.ActiveCfg = Debug|Any CPU
		{ACE5C548-C9C7-45EF-8F15-2099ACDD4FC5}.Debug|Any CPU.Build.0 = Debug|Any CPU
		{ACE5C548-C9C7-45EF-8F15-2099ACDD4FC5}.Release|Any CPU.ActiveCfg = Release|Any CPU
		{ACE5C548-C9C7-45EF-8F15-2099ACDD4FC5}.Release|Any CPU.Build.0 = Release|Any CPU
	EndGlobalSection
	GlobalSection(SolutionProperties) = preSolution
		HideSolutionNode = FALSE
	EndGlobalSection
	GlobalSection(ExtensibilityGlobals) = postSolution
		SolutionGuid = {E1B0EE6A-1F85-4337-9284-DA76108546B8}
	EndGlobalSection
EndGlobal
