
Microsoft Visual Studio Solution File, Format Version 12.00
# Visual Studio Version 16
VisualStudioVersion = 16.0.29009.5
MinimumVisualStudioVersion = 10.0.40219.1
Project("{FAE04EC0-301F-11D3-BF4B-00C04F79EFBC}") = "BotUploadFile", "BotUploadFile.csproj", "{D0DDB18D-0C28-4E08-BF05-E7030B3AE11C}"
EndProject
Global
	GlobalSection(SolutionConfigurationPlatforms) = preSolution
		Debug|Any CPU = Debug|Any CPU
		Release|Any CPU = Release|Any CPU
	EndGlobalSection
	GlobalSection(ProjectConfigurationPlatforms) = postSolution
		{D0DDB18D-0C28-4E08-BF05-E7030B3AE11C}.Debug|Any CPU.ActiveCfg = Debug|Any CPU
		{D0DDB18D-0C28-4E08-BF05-E7030B3AE11C}.Debug|Any CPU.Build.0 = Debug|Any CPU
		{D0DDB18D-0C28-4E08-BF05-E7030B3AE11C}.Release|Any CPU.ActiveCfg = Release|Any CPU
		{D0DDB18D-0C28-4E08-BF05-E7030B3AE11C}.Release|Any CPU.Build.0 = Release|Any CPU
	EndGlobalSection
	GlobalSection(SolutionProperties) = preSolution
		HideSolutionNode = FALSE
	EndGlobalSection
	GlobalSection(ExtensibilityGlobals) = postSolution
		SolutionGuid = {E3C10D0F-D2E2-4E1D-B54A-DDFC3597F729}
	EndGlobalSection
EndGlobal
