
Microsoft Visual Studio Solution File, Format Version 12.00
# Visual Studio 2013
VisualStudioVersion = 12.0.30723.0
MinimumVisualStudioVersion = 10.0.40219.1
Project("{FAE04EC0-301F-11D3-BF4B-00C04F79EFBC}") = "ConsoleAssembly", "ConsoleAssembly\ConsoleAssembly.csproj", "{54B608EA-607B-4E57-B2EA-23D5EF8460B5}"
EndProject
Project("{FAE04EC0-301F-11D3-BF4B-00C04F79EFBC}") = "CarLibrary", "CarLibrary\CarLibrary.csproj", "{C114339B-6C3B-47A8-900E-6FAD98C839D8}"
EndProject
Global
	GlobalSection(SolutionConfigurationPlatforms) = preSolution
		Debug|Any CPU = Debug|Any CPU
		Release|Any CPU = Release|Any CPU
	EndGlobalSection
	GlobalSection(ProjectConfigurationPlatforms) = postSolution
		{54B608EA-607B-4E57-B2EA-23D5EF8460B5}.Debug|Any CPU.ActiveCfg = Debug|Any CPU
		{54B608EA-607B-4E57-B2EA-23D5EF8460B5}.Debug|Any CPU.Build.0 = Debug|Any CPU
		{54B608EA-607B-4E57-B2EA-23D5EF8460B5}.Release|Any CPU.ActiveCfg = Release|Any CPU
		{54B608EA-607B-4E57-B2EA-23D5EF8460B5}.Release|Any CPU.Build.0 = Release|Any CPU
		{C114339B-6C3B-47A8-900E-6FAD98C839D8}.Debug|Any CPU.ActiveCfg = Debug|Any CPU
		{C114339B-6C3B-47A8-900E-6FAD98C839D8}.Debug|Any CPU.Build.0 = Debug|Any CPU
		{C114339B-6C3B-47A8-900E-6FAD98C839D8}.Release|Any CPU.ActiveCfg = Release|Any CPU
		{C114339B-6C3B-47A8-900E-6FAD98C839D8}.Release|Any CPU.Build.0 = Release|Any CPU
	EndGlobalSection
	GlobalSection(SolutionProperties) = preSolution
		HideSolutionNode = FALSE
	EndGlobalSection
EndGlobal
