
Microsoft Visual Studio Solution File, Format Version 12.00
# Visual Studio Version 16
VisualStudioVersion = 16.0.29009.5
MinimumVisualStudioVersion = 10.0.40219.1
Project("{FAE04EC0-301F-11D3-BF4B-00C04F79EFBC}") = "box_factory", "box_factory\box_factory.csproj", "{D7E1803C-1057-4857-9FE5-15B68D97081B}"
EndProject
Global
	GlobalSection(SolutionConfigurationPlatforms) = preSolution
		Debug|Any CPU = Debug|Any CPU
		Release|Any CPU = Release|Any CPU
	EndGlobalSection
	GlobalSection(ProjectConfigurationPlatforms) = postSolution
		{D7E1803C-1057-4857-9FE5-15B68D97081B}.Debug|Any CPU.ActiveCfg = Debug|Any CPU
		{D7E1803C-1057-4857-9FE5-15B68D97081B}.Debug|Any CPU.Build.0 = Debug|Any CPU
		{D7E1803C-1057-4857-9FE5-15B68D97081B}.Release|Any CPU.ActiveCfg = Release|Any CPU
		{D7E1803C-1057-4857-9FE5-15B68D97081B}.Release|Any CPU.Build.0 = Release|Any CPU
	EndGlobalSection
	GlobalSection(SolutionProperties) = preSolution
		HideSolutionNode = FALSE
	EndGlobalSection
	GlobalSection(ExtensibilityGlobals) = postSolution
		SolutionGuid = {11393217-2368-4738-ACCD-5E9CBE7FD27B}
	EndGlobalSection
EndGlobal
